
Microsoft Visual Studio Solution File, Format Version 12.00
# Visual Studio Version 17
VisualStudioVersion = 17.11.35312.102
MinimumVisualStudioVersion = 10.0.40219.1
Project("{9A19103F-16F7-4668-BE54-9A1E7A4F7556}") = "ModbusRtuLib", "ModbusRtuLib\ModbusRtuLib.csproj", "{5E7C1AD5-CC66-48FF-A422-5D3F3F48C6C1}"
EndProject
Project("{FAE04EC0-301F-11D3-BF4B-00C04F79EFBC}") = "Lib.Test", "Lib.Test\Lib.Test.csproj", "{DD807486-52C9-424B-9420-BB8328ED4478}"
EndProject
Global
	GlobalSection(SolutionConfigurationPlatforms) = preSolution
		Debug|Any CPU = Debug|Any CPU
		Release|Any CPU = Release|Any CPU
	EndGlobalSection
	GlobalSection(ProjectConfigurationPlatforms) = postSolution
		{5E7C1AD5-CC66-48FF-A422-5D3F3F48C6C1}.Debug|Any CPU.ActiveCfg = Debug|Any CPU
		{5E7C1AD5-CC66-48FF-A422-5D3F3F48C6C1}.Debug|Any CPU.Build.0 = Debug|Any CPU
		{5E7C1AD5-CC66-48FF-A422-5D3F3F48C6C1}.Release|Any CPU.ActiveCfg = Release|Any CPU
		{5E7C1AD5-CC66-48FF-A422-5D3F3F48C6C1}.Release|Any CPU.Build.0 = Release|Any CPU
		{DD807486-52C9-424B-9420-BB8328ED4478}.Debug|Any CPU.ActiveCfg = Debug|Any CPU
		{DD807486-52C9-424B-9420-BB8328ED4478}.Debug|Any CPU.Build.0 = Debug|Any CPU
		{DD807486-52C9-424B-9420-BB8328ED4478}.Release|Any CPU.ActiveCfg = Release|Any CPU
		{DD807486-52C9-424B-9420-BB8328ED4478}.Release|Any CPU.Build.0 = Release|Any CPU
	EndGlobalSection
	GlobalSection(SolutionProperties) = preSolution
		HideSolutionNode = FALSE
	EndGlobalSection
	GlobalSection(ExtensibilityGlobals) = postSolution
		SolutionGuid = {B17F0665-3F28-459E-8A7B-8D1F7C838806}
	EndGlobalSection
EndGlobal
