
Microsoft Visual Studio Solution File, Format Version 12.00
# Visual Studio Version 17
VisualStudioVersion = 17.11.35312.102
MinimumVisualStudioVersion = 10.0.40219.1
Project("{9A19103F-16F7-4668-BE54-9A1E7A4F7556}") = "ModbusRtuLib", "ModbusRtuLib\ModbusRtuLib.csproj", "{5E7C1AD5-CC66-48FF-A422-5D3F3F48C6C1}"
EndProject
Project("{9A19103F-16F7-4668-BE54-9A1E7A4F7556}") = "Lib.Test", "Lib.Test\Lib.Test.csproj", "{DD807486-52C9-424B-9420-BB8328ED4478}"
EndProject
Project("{FAE04EC0-301F-11D3-BF4B-00C04F79EFBC}") = "CommunicationApp", "CommunicationApp\CommunicationApp.csproj", "{1C3DDEC2-9EE9-4B43-B938-469B92FBBE63}"
EndProject
Global
	GlobalSection(SolutionConfigurationPlatforms) = preSolution
		Debug|Any CPU = Debug|Any CPU
		Debug|ARM64 = Debug|ARM64
		Debug|x64 = Debug|x64
		Debug|x86 = Debug|x86
		Release|Any CPU = Release|Any CPU
		Release|ARM64 = Release|ARM64
		Release|x64 = Release|x64
		Release|x86 = Release|x86
	EndGlobalSection
	GlobalSection(ProjectConfigurationPlatforms) = postSolution
		{5E7C1AD5-CC66-48FF-A422-5D3F3F48C6C1}.Debug|Any CPU.ActiveCfg = Debug|Any CPU
		{5E7C1AD5-CC66-48FF-A422-5D3F3F48C6C1}.Debug|Any CPU.Build.0 = Debug|Any CPU
		{5E7C1AD5-CC66-48FF-A422-5D3F3F48C6C1}.Debug|ARM64.ActiveCfg = Debug|Any CPU
		{5E7C1AD5-CC66-48FF-A422-5D3F3F48C6C1}.Debug|ARM64.Build.0 = Debug|Any CPU
		{5E7C1AD5-CC66-48FF-A422-5D3F3F48C6C1}.Debug|x64.ActiveCfg = Debug|Any CPU
		{5E7C1AD5-CC66-48FF-A422-5D3F3F48C6C1}.Debug|x64.Build.0 = Debug|Any CPU
		{5E7C1AD5-CC66-48FF-A422-5D3F3F48C6C1}.Debug|x86.ActiveCfg = Debug|Any CPU
		{5E7C1AD5-CC66-48FF-A422-5D3F3F48C6C1}.Debug|x86.Build.0 = Debug|Any CPU
		{5E7C1AD5-CC66-48FF-A422-5D3F3F48C6C1}.Release|Any CPU.ActiveCfg = Release|Any CPU
		{5E7C1AD5-CC66-48FF-A422-5D3F3F48C6C1}.Release|Any CPU.Build.0 = Release|Any CPU
		{5E7C1AD5-CC66-48FF-A422-5D3F3F48C6C1}.Release|ARM64.ActiveCfg = Release|Any CPU
		{5E7C1AD5-CC66-48FF-A422-5D3F3F48C6C1}.Release|ARM64.Build.0 = Release|Any CPU
		{5E7C1AD5-CC66-48FF-A422-5D3F3F48C6C1}.Release|x64.ActiveCfg = Release|Any CPU
		{5E7C1AD5-CC66-48FF-A422-5D3F3F48C6C1}.Release|x64.Build.0 = Release|Any CPU
		{5E7C1AD5-CC66-48FF-A422-5D3F3F48C6C1}.Release|x86.ActiveCfg = Release|Any CPU
		{5E7C1AD5-CC66-48FF-A422-5D3F3F48C6C1}.Release|x86.Build.0 = Release|Any CPU
		{DD807486-52C9-424B-9420-BB8328ED4478}.Debug|Any CPU.ActiveCfg = Debug|Any CPU
		{DD807486-52C9-424B-9420-BB8328ED4478}.Debug|Any CPU.Build.0 = Debug|Any CPU
		{DD807486-52C9-424B-9420-BB8328ED4478}.Debug|ARM64.ActiveCfg = Debug|Any CPU
		{DD807486-52C9-424B-9420-BB8328ED4478}.Debug|ARM64.Build.0 = Debug|Any CPU
		{DD807486-52C9-424B-9420-BB8328ED4478}.Debug|x64.ActiveCfg = Debug|Any CPU
		{DD807486-52C9-424B-9420-BB8328ED4478}.Debug|x64.Build.0 = Debug|Any CPU
		{DD807486-52C9-424B-9420-BB8328ED4478}.Debug|x86.ActiveCfg = Debug|Any CPU
		{DD807486-52C9-424B-9420-BB8328ED4478}.Debug|x86.Build.0 = Debug|Any CPU
		{DD807486-52C9-424B-9420-BB8328ED4478}.Release|Any CPU.ActiveCfg = Release|Any CPU
		{DD807486-52C9-424B-9420-BB8328ED4478}.Release|Any CPU.Build.0 = Release|Any CPU
		{DD807486-52C9-424B-9420-BB8328ED4478}.Release|ARM64.ActiveCfg = Release|Any CPU
		{DD807486-52C9-424B-9420-BB8328ED4478}.Release|ARM64.Build.0 = Release|Any CPU
		{DD807486-52C9-424B-9420-BB8328ED4478}.Release|x64.ActiveCfg = Release|Any CPU
		{DD807486-52C9-424B-9420-BB8328ED4478}.Release|x64.Build.0 = Release|Any CPU
		{DD807486-52C9-424B-9420-BB8328ED4478}.Release|x86.ActiveCfg = Release|Any CPU
		{DD807486-52C9-424B-9420-BB8328ED4478}.Release|x86.Build.0 = Release|Any CPU
		{1C3DDEC2-9EE9-4B43-B938-469B92FBBE63}.Debug|Any CPU.ActiveCfg = Debug|x64
		{1C3DDEC2-9EE9-4B43-B938-469B92FBBE63}.Debug|Any CPU.Build.0 = Debug|x64
		{1C3DDEC2-9EE9-4B43-B938-469B92FBBE63}.Debug|Any CPU.Deploy.0 = Debug|x64
		{1C3DDEC2-9EE9-4B43-B938-469B92FBBE63}.Debug|ARM64.ActiveCfg = Debug|ARM64
		{1C3DDEC2-9EE9-4B43-B938-469B92FBBE63}.Debug|ARM64.Build.0 = Debug|ARM64
		{1C3DDEC2-9EE9-4B43-B938-469B92FBBE63}.Debug|ARM64.Deploy.0 = Debug|ARM64
		{1C3DDEC2-9EE9-4B43-B938-469B92FBBE63}.Debug|x64.ActiveCfg = Debug|x64
		{1C3DDEC2-9EE9-4B43-B938-469B92FBBE63}.Debug|x64.Build.0 = Debug|x64
		{1C3DDEC2-9EE9-4B43-B938-469B92FBBE63}.Debug|x64.Deploy.0 = Debug|x64
		{1C3DDEC2-9EE9-4B43-B938-469B92FBBE63}.Debug|x86.ActiveCfg = Debug|x86
		{1C3DDEC2-9EE9-4B43-B938-469B92FBBE63}.Debug|x86.Build.0 = Debug|x86
		{1C3DDEC2-9EE9-4B43-B938-469B92FBBE63}.Debug|x86.Deploy.0 = Debug|x86
		{1C3DDEC2-9EE9-4B43-B938-469B92FBBE63}.Release|Any CPU.ActiveCfg = Release|x64
		{1C3DDEC2-9EE9-4B43-B938-469B92FBBE63}.Release|Any CPU.Build.0 = Release|x64
		{1C3DDEC2-9EE9-4B43-B938-469B92FBBE63}.Release|Any CPU.Deploy.0 = Release|x64
		{1C3DDEC2-9EE9-4B43-B938-469B92FBBE63}.Release|ARM64.ActiveCfg = Release|ARM64
		{1C3DDEC2-9EE9-4B43-B938-469B92FBBE63}.Release|ARM64.Build.0 = Release|ARM64
		{1C3DDEC2-9EE9-4B43-B938-469B92FBBE63}.Release|ARM64.Deploy.0 = Release|ARM64
		{1C3DDEC2-9EE9-4B43-B938-469B92FBBE63}.Release|x64.ActiveCfg = Release|x64
		{1C3DDEC2-9EE9-4B43-B938-469B92FBBE63}.Release|x64.Build.0 = Release|x64
		{1C3DDEC2-9EE9-4B43-B938-469B92FBBE63}.Release|x64.Deploy.0 = Release|x64
		{1C3DDEC2-9EE9-4B43-B938-469B92FBBE63}.Release|x86.ActiveCfg = Release|x86
		{1C3DDEC2-9EE9-4B43-B938-469B92FBBE63}.Release|x86.Build.0 = Release|x86
		{1C3DDEC2-9EE9-4B43-B938-469B92FBBE63}.Release|x86.Deploy.0 = Release|x86
	EndGlobalSection
	GlobalSection(SolutionProperties) = preSolution
		HideSolutionNode = FALSE
	EndGlobalSection
	GlobalSection(ExtensibilityGlobals) = postSolution
		SolutionGuid = {B17F0665-3F28-459E-8A7B-8D1F7C838806}
	EndGlobalSection
EndGlobal
